
Microsoft Visual Studio Solution File, Format Version 12.00
# Visual Studio Version 16
VisualStudioVersion = 16.0.31410.357
MinimumVisualStudioVersion = 10.0.40219.1
Project("{FAE04EC0-301F-11D3-BF4B-00C04F79EFBC}") = "visit_Japan", "visit_Japan\visit_Japan.csproj", "{EA6F4F09-A224-457D-B98E-E7A6D80A9E81}"
EndProject
Global
	GlobalSection(SolutionConfigurationPlatforms) = preSolution
		Debug|Any CPU = Debug|Any CPU
		Release|Any CPU = Release|Any CPU
	EndGlobalSection
	GlobalSection(ProjectConfigurationPlatforms) = postSolution
		{EA6F4F09-A224-457D-B98E-E7A6D80A9E81}.Debug|Any CPU.ActiveCfg = Debug|Any CPU
		{EA6F4F09-A224-457D-B98E-E7A6D80A9E81}.Debug|Any CPU.Build.0 = Debug|Any CPU
		{EA6F4F09-A224-457D-B98E-E7A6D80A9E81}.Release|Any CPU.ActiveCfg = Release|Any CPU
		{EA6F4F09-A224-457D-B98E-E7A6D80A9E81}.Release|Any CPU.Build.0 = Release|Any CPU
	EndGlobalSection
	GlobalSection(SolutionProperties) = preSolution
		HideSolutionNode = FALSE
	EndGlobalSection
	GlobalSection(ExtensibilityGlobals) = postSolution
		SolutionGuid = {49FB789B-9E9D-4DCE-A8C6-CF937A54434C}
	EndGlobalSection
EndGlobal
